
Microsoft Visual Studio Solution File, Format Version 12.00
# Visual Studio Version 17
VisualStudioVersion = 17.0.32112.339
MinimumVisualStudioVersion = 10.0.40219.1
Project("{FAE04EC0-301F-11D3-BF4B-00C04F79EFBC}") = "dotNET-module-14-Practice", "dotNET-module-14-Practice\dotNET-module-14-Practice.csproj", "{4F8E73CE-6E92-4B1E-962B-00D9E3643F29}"
EndProject
Project("{FAE04EC0-301F-11D3-BF4B-00C04F79EFBC}") = "ConsoleApp1", "ConsoleApp1\ConsoleApp1.csproj", "{742A3053-AB38-4845-AA74-865B44C911C0}"
EndProject
Global
	GlobalSection(SolutionConfigurationPlatforms) = preSolution
		Debug|Any CPU = Debug|Any CPU
		Release|Any CPU = Release|Any CPU
	EndGlobalSection
	GlobalSection(ProjectConfigurationPlatforms) = postSolution
		{4F8E73CE-6E92-4B1E-962B-00D9E3643F29}.Debug|Any CPU.ActiveCfg = Debug|Any CPU
		{4F8E73CE-6E92-4B1E-962B-00D9E3643F29}.Debug|Any CPU.Build.0 = Debug|Any CPU
		{4F8E73CE-6E92-4B1E-962B-00D9E3643F29}.Release|Any CPU.ActiveCfg = Release|Any CPU
		{4F8E73CE-6E92-4B1E-962B-00D9E3643F29}.Release|Any CPU.Build.0 = Release|Any CPU
		{742A3053-AB38-4845-AA74-865B44C911C0}.Debug|Any CPU.ActiveCfg = Debug|Any CPU
		{742A3053-AB38-4845-AA74-865B44C911C0}.Debug|Any CPU.Build.0 = Debug|Any CPU
		{742A3053-AB38-4845-AA74-865B44C911C0}.Release|Any CPU.ActiveCfg = Release|Any CPU
		{742A3053-AB38-4845-AA74-865B44C911C0}.Release|Any CPU.Build.0 = Release|Any CPU
	EndGlobalSection
	GlobalSection(SolutionProperties) = preSolution
		HideSolutionNode = FALSE
	EndGlobalSection
	GlobalSection(ExtensibilityGlobals) = postSolution
		SolutionGuid = {4A636760-CC1C-474A-B2B1-FECF2923B510}
	EndGlobalSection
EndGlobal
